
Microsoft Visual Studio Solution File, Format Version 12.00
# Visual Studio Version 16
VisualStudioVersion = 16.0.28803.352
MinimumVisualStudioVersion = 10.0.40219.1
Project("{FAE04EC0-301F-11D3-BF4B-00C04F79EFBC}") = "FFmePlayer_snu", "FFmeBasicSample\FFmePlayer_snu.csproj", "{8DBAC750-E7DE-4EB7-A35B-EE1CC2CD0D42}"
EndProject
Project("{FAE04EC0-301F-11D3-BF4B-00C04F79EFBC}") = "HLSTools.NETFramework", "HLSTools.NETFramework\HLSTools.NETFramework.csproj", "{7256C147-BD9E-4BFF-A511-91DC0A5CB52A}"
EndProject
Global
	GlobalSection(SolutionConfigurationPlatforms) = preSolution
		Debug|Any CPU = Debug|Any CPU
		Debug|x64 = Debug|x64
		Release|Any CPU = Release|Any CPU
		Release|x64 = Release|x64
	EndGlobalSection
	GlobalSection(ProjectConfigurationPlatforms) = postSolution
		{8DBAC750-E7DE-4EB7-A35B-EE1CC2CD0D42}.Debug|Any CPU.ActiveCfg = Debug|Any CPU
		{8DBAC750-E7DE-4EB7-A35B-EE1CC2CD0D42}.Debug|Any CPU.Build.0 = Debug|Any CPU
		{8DBAC750-E7DE-4EB7-A35B-EE1CC2CD0D42}.Debug|x64.ActiveCfg = Debug|x64
		{8DBAC750-E7DE-4EB7-A35B-EE1CC2CD0D42}.Debug|x64.Build.0 = Debug|x64
		{8DBAC750-E7DE-4EB7-A35B-EE1CC2CD0D42}.Release|Any CPU.ActiveCfg = Release|Any CPU
		{8DBAC750-E7DE-4EB7-A35B-EE1CC2CD0D42}.Release|Any CPU.Build.0 = Release|Any CPU
		{8DBAC750-E7DE-4EB7-A35B-EE1CC2CD0D42}.Release|x64.ActiveCfg = Release|x64
		{8DBAC750-E7DE-4EB7-A35B-EE1CC2CD0D42}.Release|x64.Build.0 = Release|x64
		{7256C147-BD9E-4BFF-A511-91DC0A5CB52A}.Debug|Any CPU.ActiveCfg = Debug|Any CPU
		{7256C147-BD9E-4BFF-A511-91DC0A5CB52A}.Debug|Any CPU.Build.0 = Debug|Any CPU
		{7256C147-BD9E-4BFF-A511-91DC0A5CB52A}.Debug|x64.ActiveCfg = Debug|Any CPU
		{7256C147-BD9E-4BFF-A511-91DC0A5CB52A}.Debug|x64.Build.0 = Debug|Any CPU
		{7256C147-BD9E-4BFF-A511-91DC0A5CB52A}.Release|Any CPU.ActiveCfg = Release|Any CPU
		{7256C147-BD9E-4BFF-A511-91DC0A5CB52A}.Release|Any CPU.Build.0 = Release|Any CPU
		{7256C147-BD9E-4BFF-A511-91DC0A5CB52A}.Release|x64.ActiveCfg = Release|Any CPU
		{7256C147-BD9E-4BFF-A511-91DC0A5CB52A}.Release|x64.Build.0 = Release|Any CPU
	EndGlobalSection
	GlobalSection(SolutionProperties) = preSolution
		HideSolutionNode = FALSE
	EndGlobalSection
	GlobalSection(ExtensibilityGlobals) = postSolution
		SolutionGuid = {AF9B5E1E-8A5B-4D13-8FAC-660224A1CCB1}
	EndGlobalSection
EndGlobal
